
Microsoft Visual Studio Solution File, Format Version 12.00
# Visual Studio Version 17
VisualStudioVersion = 17.8.34322.80
MinimumVisualStudioVersion = 10.0.40219.1
Project("{FAE04EC0-301F-11D3-BF4B-00C04F79EFBC}") = "StaticColonization", "StaticColonization.csproj", "{B1419033-9F83-4054-B471-997F60C77912}"
EndProject
Global
	GlobalSection(SolutionConfigurationPlatforms) = preSolution
		Debug|Any CPU = Debug|Any CPU
		Release|Any CPU = Release|Any CPU
	EndGlobalSection
	GlobalSection(ProjectConfigurationPlatforms) = postSolution
		{B1419033-9F83-4054-B471-997F60C77912}.Debug|Any CPU.ActiveCfg = Debug|Any CPU
		{B1419033-9F83-4054-B471-997F60C77912}.Debug|Any CPU.Build.0 = Debug|Any CPU
		{B1419033-9F83-4054-B471-997F60C77912}.Release|Any CPU.ActiveCfg = Release|Any CPU
		{B1419033-9F83-4054-B471-997F60C77912}.Release|Any CPU.Build.0 = Release|Any CPU
	EndGlobalSection
	GlobalSection(SolutionProperties) = preSolution
		HideSolutionNode = FALSE
	EndGlobalSection
	GlobalSection(ExtensibilityGlobals) = postSolution
		SolutionGuid = {3991E3A0-3792-4041-9FEF-374EFA567479}
	EndGlobalSection
EndGlobal
